
Microsoft Visual Studio Solution File, Format Version 12.00
# Visual Studio 15
VisualStudioVersion = 15.0.28307.572
MinimumVisualStudioVersion = 10.0.40219.1
Project("{FAE04EC0-301F-11D3-BF4B-00C04F79EFBC}") = "eCat.OrchidJet", "eCat.OrchidJet\eCat.OrchidJet.csproj", "{EF9E7F39-B994-4FEA-AD43-4B2FB5DA3150}"
EndProject
Global
	GlobalSection(SolutionConfigurationPlatforms) = preSolution
		Debug|Any CPU = Debug|Any CPU
		Release|Any CPU = Release|Any CPU
	EndGlobalSection
	GlobalSection(ProjectConfigurationPlatforms) = postSolution
		{EF9E7F39-B994-4FEA-AD43-4B2FB5DA3150}.Debug|Any CPU.ActiveCfg = Debug|Any CPU
		{EF9E7F39-B994-4FEA-AD43-4B2FB5DA3150}.Debug|Any CPU.Build.0 = Debug|Any CPU
		{EF9E7F39-B994-4FEA-AD43-4B2FB5DA3150}.Release|Any CPU.ActiveCfg = Release|Any CPU
		{EF9E7F39-B994-4FEA-AD43-4B2FB5DA3150}.Release|Any CPU.Build.0 = Release|Any CPU
	EndGlobalSection
	GlobalSection(SolutionProperties) = preSolution
		HideSolutionNode = FALSE
	EndGlobalSection
	GlobalSection(ExtensibilityGlobals) = postSolution
		SolutionGuid = {01A0B067-08A2-4531-A24A-1127BA19F5DB}
	EndGlobalSection
EndGlobal
